
Microsoft Visual Studio Solution File, Format Version 11.00
# Visual Studio 2010
Project("{FAE04EC0-301F-11D3-BF4B-00C04F79EFBC}") = "Assembly-CSharp", "Assembly-CSharp.csproj", "{6ad8312b-bd25-838e-6946-415e97ea5286}"
EndProject
Project("{FAE04EC0-301F-11D3-BF4B-00C04F79EFBC}") = "Assembly-CSharp-Editor", "Assembly-CSharp-Editor.csproj", "{23ac262f-529d-f3eb-d182-5c939f01020a}"
EndProject
Global
	GlobalSection(SolutionConfigurationPlatforms) = preSolution
		Debug|Any CPU = Debug|Any CPU
	EndGlobalSection
	GlobalSection(ProjectConfigurationPlatforms) = postSolution
		{6ad8312b-bd25-838e-6946-415e97ea5286}.Debug|Any CPU.ActiveCfg = Debug|Any CPU
		{6ad8312b-bd25-838e-6946-415e97ea5286}.Debug|Any CPU.Build.0 = Debug|Any CPU
		{23ac262f-529d-f3eb-d182-5c939f01020a}.Debug|Any CPU.ActiveCfg = Debug|Any CPU
		{23ac262f-529d-f3eb-d182-5c939f01020a}.Debug|Any CPU.Build.0 = Debug|Any CPU
	EndGlobalSection
	GlobalSection(SolutionProperties) = preSolution
		HideSolutionNode = FALSE
	EndGlobalSection
EndGlobal
